
Microsoft Visual Studio Solution File, Format Version 12.00
Project("{2150E333-8FDC-42A3-9474-1A3956D46DE8}") = "Src", "Src", "{5EBE72F4-96B9-4AAD-9279-D04C85C1B1D3}"
EndProject
Project("{2150E333-8FDC-42A3-9474-1A3956D46DE8}") = "CrudUsuario.Apllication", "CrudUsuario.Apllication", "{BE916DA4-6E2F-4324-B66A-80D1DE1AE1CB}"
EndProject
Project("{2150E333-8FDC-42A3-9474-1A3956D46DE8}") = "CrudUsuario.Domain", "CrudUsuario.Domain", "{DCC5D7F6-DD3B-4019-AB57-772EDA5BBF93}"
EndProject
Project("{2150E333-8FDC-42A3-9474-1A3956D46DE8}") = "CrudUsuario.Services", "CrudUsuario.Services", "{9097B760-EC6B-424F-A6BE-03A20DBC2C9D}"
EndProject
Project("{2150E333-8FDC-42A3-9474-1A3956D46DE8}") = "CrudUsuario.Infra", "CrudUsuario.Infra", "{D1E92C0A-04C4-45BD-ACBD-49208AEBDF33}"
EndProject
Project("{FAE04EC0-301F-11D3-BF4B-00C04F79EFBC}") = "CrudUsuario.Api", "CrudUsuario.Api\CrudUsuario.Api.csproj", "{3FBF1E64-ED5E-4B2B-AE3F-511F2738E172}"
EndProject
Project("{FAE04EC0-301F-11D3-BF4B-00C04F79EFBC}") = "CrudUsuario.Domain", "CrudUsuario.Domain\CrudUsuario.Domain.csproj", "{BC004C20-5227-4BD1-8087-78A906EF1657}"
EndProject
Project("{FAE04EC0-301F-11D3-BF4B-00C04F79EFBC}") = "CrudUsuario.Infra", "CrudUsuario.Infra\CrudUsuario.Infra.csproj", "{606D64C4-FC6C-43DF-AECE-29A647464765}"
EndProject
Project("{FAE04EC0-301F-11D3-BF4B-00C04F79EFBC}") = "CrudUsuario.Services", "CrudUsuario.Services\CrudUsuario.Services.csproj", "{8E08E680-67F1-4007-8D40-2362BF4A953C}"
EndProject
Project("{2150E333-8FDC-42A3-9474-1A3956D46DE8}") = "CrudUsuario.Core", "CrudUsuario.Core", "{9FB05516-2E91-444E-B3E5-295CF5FFD775}"
EndProject
Project("{FAE04EC0-301F-11D3-BF4B-00C04F79EFBC}") = "CrudUsuario.Core", "CrudUsuario.Core\CrudUsuario.Core.csproj", "{26EC101A-D204-4BCC-B6DF-6323E47ACFAF}"
EndProject
Global
	GlobalSection(SolutionConfigurationPlatforms) = preSolution
		Debug|Any CPU = Debug|Any CPU
		Release|Any CPU = Release|Any CPU
	EndGlobalSection
	GlobalSection(NestedProjects) = preSolution
		{BE916DA4-6E2F-4324-B66A-80D1DE1AE1CB} = {5EBE72F4-96B9-4AAD-9279-D04C85C1B1D3}
		{DCC5D7F6-DD3B-4019-AB57-772EDA5BBF93} = {5EBE72F4-96B9-4AAD-9279-D04C85C1B1D3}
		{9097B760-EC6B-424F-A6BE-03A20DBC2C9D} = {5EBE72F4-96B9-4AAD-9279-D04C85C1B1D3}
		{D1E92C0A-04C4-45BD-ACBD-49208AEBDF33} = {5EBE72F4-96B9-4AAD-9279-D04C85C1B1D3}
		{3FBF1E64-ED5E-4B2B-AE3F-511F2738E172} = {BE916DA4-6E2F-4324-B66A-80D1DE1AE1CB}
		{BC004C20-5227-4BD1-8087-78A906EF1657} = {DCC5D7F6-DD3B-4019-AB57-772EDA5BBF93}
		{606D64C4-FC6C-43DF-AECE-29A647464765} = {D1E92C0A-04C4-45BD-ACBD-49208AEBDF33}
		{8E08E680-67F1-4007-8D40-2362BF4A953C} = {9097B760-EC6B-424F-A6BE-03A20DBC2C9D}
		{9FB05516-2E91-444E-B3E5-295CF5FFD775} = {5EBE72F4-96B9-4AAD-9279-D04C85C1B1D3}
		{26EC101A-D204-4BCC-B6DF-6323E47ACFAF} = {9FB05516-2E91-444E-B3E5-295CF5FFD775}
	EndGlobalSection
	GlobalSection(ProjectConfigurationPlatforms) = postSolution
		{3FBF1E64-ED5E-4B2B-AE3F-511F2738E172}.Debug|Any CPU.ActiveCfg = Debug|Any CPU
		{3FBF1E64-ED5E-4B2B-AE3F-511F2738E172}.Debug|Any CPU.Build.0 = Debug|Any CPU
		{3FBF1E64-ED5E-4B2B-AE3F-511F2738E172}.Release|Any CPU.ActiveCfg = Release|Any CPU
		{3FBF1E64-ED5E-4B2B-AE3F-511F2738E172}.Release|Any CPU.Build.0 = Release|Any CPU
		{BC004C20-5227-4BD1-8087-78A906EF1657}.Debug|Any CPU.ActiveCfg = Debug|Any CPU
		{BC004C20-5227-4BD1-8087-78A906EF1657}.Debug|Any CPU.Build.0 = Debug|Any CPU
		{BC004C20-5227-4BD1-8087-78A906EF1657}.Release|Any CPU.ActiveCfg = Release|Any CPU
		{BC004C20-5227-4BD1-8087-78A906EF1657}.Release|Any CPU.Build.0 = Release|Any CPU
		{606D64C4-FC6C-43DF-AECE-29A647464765}.Debug|Any CPU.ActiveCfg = Debug|Any CPU
		{606D64C4-FC6C-43DF-AECE-29A647464765}.Debug|Any CPU.Build.0 = Debug|Any CPU
		{606D64C4-FC6C-43DF-AECE-29A647464765}.Release|Any CPU.ActiveCfg = Release|Any CPU
		{606D64C4-FC6C-43DF-AECE-29A647464765}.Release|Any CPU.Build.0 = Release|Any CPU
		{8E08E680-67F1-4007-8D40-2362BF4A953C}.Debug|Any CPU.ActiveCfg = Debug|Any CPU
		{8E08E680-67F1-4007-8D40-2362BF4A953C}.Debug|Any CPU.Build.0 = Debug|Any CPU
		{8E08E680-67F1-4007-8D40-2362BF4A953C}.Release|Any CPU.ActiveCfg = Release|Any CPU
		{8E08E680-67F1-4007-8D40-2362BF4A953C}.Release|Any CPU.Build.0 = Release|Any CPU
		{26EC101A-D204-4BCC-B6DF-6323E47ACFAF}.Debug|Any CPU.ActiveCfg = Debug|Any CPU
		{26EC101A-D204-4BCC-B6DF-6323E47ACFAF}.Debug|Any CPU.Build.0 = Debug|Any CPU
		{26EC101A-D204-4BCC-B6DF-6323E47ACFAF}.Release|Any CPU.ActiveCfg = Release|Any CPU
		{26EC101A-D204-4BCC-B6DF-6323E47ACFAF}.Release|Any CPU.Build.0 = Release|Any CPU
	EndGlobalSection
EndGlobal
